PODS:
  - SAMKeychain (1.5.3)
  - TICSDK (1.7.3)

DEPENDENCIES:
  - SAMKeychain
  - TICSDK (~> 1.7.3)

SPEC REPOS:
  https://github.com/cocoapods/specs.git:
    - SAMKeychain
    - TICSDK

SPEC CHECKSUMS:
  SAMKeychain: 483e1c9f32984d50ca961e26818a534283b4cd5c
  TICSDK: 3252d9be5b4f3b3292c7020b7eba691a2222ec7d

PODFILE CHECKSUM: 6a130810086b3a0cfca703f1db4672107b1933c6

COCOAPODS: 1.7.1
